// !$*UTF8*$!
{
	archiveVersion = 1;
	classes = {
	};
	objectVersion = 46;
	objects = {

/* Begin PBXBuildFile section */
		802A70CC1A4B2D8D00D8DEF2 /* OrdersViewController.m in Sources */ = {isa = PBXBuildFile; fileRef = 802A70CB1A4B2D8D00D8DEF2 /* OrdersViewController.m */; };
		802A70CF1A4B2DA500D8DEF2 /* MenuViewController.m in Sources */ = {isa = PBXBuildFile; fileRef = 802A70CE1A4B2DA500D8DEF2 /* MenuViewController.m */; };
		802A70D21A4B2DE100D8DEF2 /* HoursViewController.m in Sources */ = {isa = PBXBuildFile; fileRef = 802A70D11A4B2DE100D8DEF2 /* HoursViewController.m */; };
		802C22FC1A5DABEB0031CABC /* SHOWG.TTF in Resources */ = {isa = PBXBuildFile; fileRef = 802C22FB1A5DABD10031CABC /* SHOWG.TTF */; };
		80A2CD8B1A5F5ADE0066581B /* Main.storyboard in Resources */ = {isa = PBXBuildFile; fileRef = 80A2CD8A1A5F5ADE0066581B /* Main.storyboard */; };
		80C1BFB21A2579230026B861 /* main.m in Sources */ = {isa = PBXBuildFile; fileRef = 80C1BFB11A2579230026B861 /* main.m */; };
		80C1BFB51A2579230026B861 /* AppDelegate.m in Sources */ = {isa = PBXBuildFile; fileRef = 80C1BFB41A2579230026B861 /* AppDelegate.m */; };
		80C1BFB81A2579230026B861 /* ViewController.m in Sources */ = {isa = PBXBuildFile; fileRef = 80C1BFB71A2579230026B861 /* ViewController.m */; };
		80C1BFBD1A2579230026B861 /* Images.xcassets in Resources */ = {isa = PBXBuildFile; fileRef = 80C1BFBC1A2579230026B861 /* Images.xcassets */; };
		80C1BFC01A2579230026B861 /* LaunchScreen.xib in Resources */ = {isa = PBXBuildFile; fileRef = 80C1BFBE1A2579230026B861 /* LaunchScreen.xib */; };
		80C1BFCC1A2579230026B861 /* iPubTests.m in Sources */ = {isa = PBXBuildFile; fileRef = 80C1BFCB1A2579230026B861 /* iPubTests.m */; };
/* End PBXBuildFile section */

/* Begin PBXContainerItemProxy section */
		80C1BFC61A2579230026B861 /* PBXContainerItemProxy */ = {
			isa = PBXContainerItemProxy;
			containerPortal = 80C1BFA41A2579230026B861 /* Project object */;
			proxyType = 1;
			remoteGlobalIDString = 80C1BFAB1A2579230026B861;
			remoteInfo = iPub;
		};
/* End PBXContainerItemProxy section */

/* Begin PBXFileReference section */
		802A70CB1A4B2D8D00D8DEF2 /* OrdersViewController.m */ = {isa = PBXFileReference; fileEncoding = 4; lastKnownFileType = sourcecode.c.objc; path = OrdersViewController.m; sourceTree = "<group>"; };
		802A70CD1A4B2D9900D8DEF2 /* OrdersViewController.h */ = {isa = PBXFileReference; lastKnownFileType = sourcecode.c.h; path = OrdersViewController.h; sourceTree = "<group>"; };
		802A70CE1A4B2DA500D8DEF2 /* MenuViewController.m */ = {isa = PBXFileReference; fileEncoding = 4; lastKnownFileType = sourcecode.c.objc; path = MenuViewController.m; sourceTree = "<group>"; };
		802A70D01A4B2DB300D8DEF2 /* MenuViewController.h */ = {isa = PBXFileReference; lastKnownFileType = sourcecode.c.h; path = MenuViewController.h; sourceTree = "<group>"; };
		802A70D11A4B2DE100D8DEF2 /* HoursViewController.m */ = {isa = PBXFileReference; fileEncoding = 4; lastKnownFileType = sourcecode.c.objc; path = HoursViewController.m; sourceTree = "<group>"; };
		802A70D31A4B2DEB00D8DEF2 /* HoursViewController.h */ = {isa = PBXFileReference; lastKnownFileType = sourcecode.c.h; path = HoursViewController.h; sourceTree = "<group>"; };
		802C22FB1A5DABD10031CABC /* SHOWG.TTF */ = {isa = PBXFileReference; lastKnownFileType = file; path = SHOWG.TTF; sourceTree = "<group>"; };
		80A2CD8A1A5F5ADE0066581B /* Main.storyboard */ = {isa = PBXFileReference; fileEncoding = 4; lastKnownFileType = file.storyboard; path = Main.storyboard; sourceTree = "<group>"; };
		80C1BFAC1A2579230026B861 /* iPub.app */ = {isa = PBXFileReference; explicitFileType = wrapper.application; includeInIndex = 0; path = iPub.app; sourceTree = BUILT_PRODUCTS_DIR; };
		80C1BFB01A2579230026B861 /* Info.plist */ = {isa = PBXFileReference; lastKnownFileType = text.plist.xml; path = Info.plist; sourceTree = "<group>"; };
		80C1BFB11A2579230026B861 /* main.m */ = {isa = PBXFileReference; lastKnownFileType = sourcecode.c.objc; path = main.m; sourceTree = "<group>"; };
		80C1BFB31A2579230026B861 /* AppDelegate.h */ = {isa = PBXFileReference; lastKnownFileType = sourcecode.c.h; path = AppDelegate.h; sourceTree = "<group>"; };
		80C1BFB41A2579230026B861 /* AppDelegate.m */ = {isa = PBXFileReference; lastKnownFileType = sourcecode.c.objc; path = AppDelegate.m; sourceTree = "<group>"; };
		80C1BFB61A2579230026B861 /* ViewController.h */ = {isa = PBXFileReference; lastKnownFileType = sourcecode.c.h; path = ViewController.h; sourceTree = "<group>"; };
		80C1BFB71A2579230026B861 /* ViewController.m */ = {isa = PBXFileReference; lastKnownFileType = sourcecode.c.objc; path = ViewController.m; sourceTree = "<group>"; };
		80C1BFBC1A2579230026B861 /* Images.xcassets */ = {isa = PBXFileReference; lastKnownFileType = folder.assetcatalog; path = Images.xcassets; sourceTree = "<group>"; };
		80C1BFBF1A2579230026B861 /* Base */ = {isa = PBXFileReference; lastKnownFileType = file.xib; name = Base; path = Base.lproj/LaunchScreen.xib; sourceTree = "<group>"; };
		80C1BFC51A2579230026B861 /* iPubTests.xctest */ = {isa = PBXFileReference; explicitFileType = wrapper.cfbundle; includeInIndex = 0; path = iPubTests.xctest; sourceTree = BUILT_PRODUCTS_DIR; };
		80C1BFCA1A2579230026B861 /* Info.plist */ = {isa = PBXFileReference; lastKnownFileType = text.plist.xml; path = Info.plist; sourceTree = "<group>"; };
		80C1BFCB1A2579230026B861 /* iPubTests.m */ = {isa = PBXFileReference; lastKnownFileType = sourcecode.c.objc; path = iPubTests.m; sourceTree = "<group>"; };
/* End PBXFileReference section */

/* Begin PBXFrameworksBuildPhase section */
		80C1BFA91A2579230026B861 /* Frameworks */ = {
			isa = PBXFrameworksBuildPhase;
			buildActionMask = 2147483647;
			files = (
			);
			runOnlyForDeploymentPostprocessing = 0;
		};
		80C1BFC21A2579230026B861 /* Frameworks */ = {
			isa = PBXFrameworksBuildPhase;
			buildActionMask = 2147483647;
			files = (
			);
			runOnlyForDeploymentPostprocessing = 0;
		};
/* End PBXFrameworksBuildPhase section */

/* Begin PBXGroup section */
		802C22F91A5DAB2D0031CABC /* Resources */ = {
			isa = PBXGroup;
			children = (
				802C22FA1A5DAB310031CABC /* Fonts */,
			);
			name = Resources;
			sourceTree = "<group>";
		};
		802C22FA1A5DAB310031CABC /* Fonts */ = {
			isa = PBXGroup;
			children = (
				802C22FB1A5DABD10031CABC /* SHOWG.TTF */,
			);
			name = Fonts;
			sourceTree = "<group>";
		};
		80C1BFA31A2579230026B861 = {
			isa = PBXGroup;
			children = (
				80C1BFAE1A2579230026B861 /* iPub */,
				80C1BFC81A2579230026B861 /* iPubTests */,
				80C1BFAD1A2579230026B861 /* Products */,
			);
			sourceTree = "<group>";
		};
		80C1BFAD1A2579230026B861 /* Products */ = {
			isa = PBXGroup;
			children = (
				80C1BFAC1A2579230026B861 /* iPub.app */,
				80C1BFC51A2579230026B861 /* iPubTests.xctest */,
			);
			name = Products;
			sourceTree = "<group>";
		};
		80C1BFAE1A2579230026B861 /* iPub */ = {
			isa = PBXGroup;
			children = (
				802C22F91A5DAB2D0031CABC /* Resources */,
				80C1BFB31A2579230026B861 /* AppDelegate.h */,
				80C1BFB41A2579230026B861 /* AppDelegate.m */,
				80C1BFB61A2579230026B861 /* ViewController.h */,
				80C1BFB71A2579230026B861 /* ViewController.m */,
				802A70CD1A4B2D9900D8DEF2 /* OrdersViewController.h */,
				802A70CB1A4B2D8D00D8DEF2 /* OrdersViewController.m */,
				802A70D01A4B2DB300D8DEF2 /* MenuViewController.h */,
				802A70CE1A4B2DA500D8DEF2 /* MenuViewController.m */,
				802A70D31A4B2DEB00D8DEF2 /* HoursViewController.h */,
				802A70D11A4B2DE100D8DEF2 /* HoursViewController.m */,
				80A2CD8A1A5F5ADE0066581B /* Main.storyboard */,
				80C1BFBC1A2579230026B861 /* Images.xcassets */,
				80C1BFBE1A2579230026B861 /* LaunchScreen.xib */,
				80C1BFAF1A2579230026B861 /* Supporting Files */,
			);
			path = iPub;
			sourceTree = "<group>";
		};
		80C1BFAF1A2579230026B861 /* Supporting Files */ = {
			isa = PBXGroup;
			children = (
				80C1BFB01A2579230026B861 /* Info.plist */,
				80C1BFB11A2579230026B861 /* main.m */,
			);
			name = "Supporting Files";
			sourceTree = "<group>";
		};
		80C1BFC81A2579230026B861 /* iPubTests */ = {
			isa = PBXGroup;
			children = (
				80C1BFCB1A2579230026B861 /* iPubTests.m */,
				80C1BFC91A2579230026B861 /* Supporting Files */,
			);
			path = iPubTests;
			sourceTree = "<group>";
		};
		80C1BFC91A2579230026B861 /* Supporting Files */ = {
			isa = PBXGroup;
			children = (
				80C1BFCA1A2579230026B861 /* Info.plist */,
			);
			name = "Supporting Files";
			sourceTree = "<group>";
		};
/* End PBXGroup section */

/* Begin PBXNativeTarget section */
		80C1BFAB1A2579230026B861 /* iPub */ = {
			isa = PBXNativeTarget;
			buildConfigurationList = 80C1BFCF1A2579230026B861 /* Build configuration list for PBXNativeTarget "iPub" */;
			buildPhases = (
				80C1BFA81A2579230026B861 /* Sources */,
				80C1BFA91A2579230026B861 /* Frameworks */,
				80C1BFAA1A2579230026B861 /* Resources */,
			);
			buildRules = (
			);
			dependencies = (
			);
			name = iPub;
			productName = iPub;
			productReference = 80C1BFAC1A2579230026B861 /* iPub.app */;
			productType = "com.apple.product-type.application";
		};
		80C1BFC41A2579230026B861 /* iPubTests */ = {
			isa = PBXNativeTarget;
			buildConfigurationList = 80C1BFD21A2579230026B861 /* Build configuration list for PBXNativeTarget "iPubTests" */;
			buildPhases = (
				80C1BFC11A2579230026B861 /* Sources */,
				80C1BFC21A2579230026B861 /* Frameworks */,
				80C1BFC31A2579230026B861 /* Resources */,
			);
			buildRules = (
			);
			dependencies = (
				80C1BFC71A2579230026B861 /* PBXTargetDependency */,
			);
			name = iPubTests;
			productName = iPubTests;
			productReference = 80C1BFC51A2579230026B861 /* iPubTests.xctest */;
			productType = "com.apple.product-type.bundle.unit-test";
		};
/* End PBXNativeTarget section */

/* Begin PBXProject section */
		80C1BFA41A2579230026B861 /* Project object */ = {
			isa = PBXProject;
			attributes = {
				LastUpgradeCheck = 0610;
				ORGANIZATIONNAME = "Edward Yun";
				TargetAttributes = {
					80C1BFAB1A2579230026B861 = {
						CreatedOnToolsVersion = 6.1;
					};
					80C1BFC41A2579230026B861 = {
						CreatedOnToolsVersion = 6.1;
						TestTargetID = 80C1BFAB1A2579230026B861;
					};
				};
			};
			buildConfigurationList = 80C1BFA71A2579230026B861 /* Build configuration list for PBXProject "iPub" */;
			compatibilityVersion = "Xcode 3.2";
			developmentRegion = English;
			hasScannedForEncodings = 0;
			knownRegions = (
				en,
				Base,
			);
			mainGroup = 80C1BFA31A2579230026B861;
			productRefGroup = 80C1BFAD1A2579230026B861 /* Products */;
			projectDirPath = "";
			projectRoot = "";
			targets = (
				80C1BFAB1A2579230026B861 /* iPub */,
				80C1BFC41A2579230026B861 /* iPubTests */,
			);
		};
/* End PBXProject section */

/* Begin PBXResourcesBuildPhase section */
		80C1BFAA1A2579230026B861 /* Resources */ = {
			isa = PBXResourcesBuildPhase;
			buildActionMask = 2147483647;
			files = (
				802C22FC1A5DABEB0031CABC /* SHOWG.TTF in Resources */,
				80C1BFC01A2579230026B861 /* LaunchScreen.xib in Resources */,
				80C1BFBD1A2579230026B861 /* Images.xcassets in Resources */,
				80A2CD8B1A5F5ADE0066581B /* Main.storyboard in Resources */,
			);
			runOnlyForDeploymentPostprocessing = 0;
		};
		80C1BFC31A2579230026B861 /* Resources */ = {
			isa = PBXResourcesBuildPhase;
			buildActionMask = 2147483647;
			files = (
			);
			runOnlyForDeploymentPostprocessing = 0;
		};
/* End PBXResourcesBuildPhase section */

/* Begin PBXSourcesBuildPhase section */
		80C1BFA81A2579230026B861 /* Sources */ = {
			isa = PBXSourcesBuildPhase;
			buildActionMask = 2147483647;
			files = (
				80C1BFB81A2579230026B861 /* ViewController.m in Sources */,
				80C1BFB51A2579230026B861 /* AppDelegate.m in Sources */,
				80C1BFB21A2579230026B861 /* main.m in Sources */,
				802A70CC1A4B2D8D00D8DEF2 /* OrdersViewController.m in Sources */,
				802A70D21A4B2DE100D8DEF2 /* HoursViewController.m in Sources */,
				802A70CF1A4B2DA500D8DEF2 /* MenuViewController.m in Sources */,
			);
			runOnlyForDeploymentPostprocessing = 0;
		};
		80C1BFC11A2579230026B861 /* Sources */ = {
			isa = PBXSourcesBuildPhase;
			buildActionMask = 2147483647;
			files = (
				80C1BFCC1A2579230026B861 /* iPubTests.m in Sources */,
			);
			runOnlyForDeploymentPostprocessing = 0;
		};
/* End PBXSourcesBuildPhase section */

/* Begin PBXTargetDependency section */
		80C1BFC71A2579230026B861 /* PBXTargetDependency */ = {
			isa = PBXTargetDependency;
			target = 80C1BFAB1A2579230026B861 /* iPub */;
			targetProxy = 80C1BFC61A2579230026B861 /* PBXContainerItemProxy */;
		};
/* End PBXTargetDependency section */

/* Begin PBXVariantGroup section */
		80C1BFBE1A2579230026B861 /* LaunchScreen.xib */ = {
			isa = PBXVariantGroup;
			children = (
				80C1BFBF1A2579230026B861 /* Base */,
			);
			name = LaunchScreen.xib;
			sourceTree = "<group>";
		};
/* End PBXVariantGroup section */

/* Begin XCBuildConfiguration section */
		80C1BFCD1A2579230026B861 /* Debug */ = {
			isa = XCBuildConfiguration;
			buildSettings = {
				ALWAYS_SEARCH_USER_PATHS = NO;
				CLANG_CXX_LANGUAGE_STANDARD = "gnu++0x";
				CLANG_CXX_LIBRARY = "libc++";
				CLANG_ENABLE_MODULES = YES;
				CLANG_ENABLE_OBJC_ARC = YES;
				CLANG_WARN_BOOL_CONVERSION = YES;
				CLANG_WARN_CONSTANT_CONVERSION = YES;
				CLANG_WARN_DIRECT_OBJC_ISA_USAGE = YES_ERROR;
				CLANG_WARN_EMPTY_BODY = YES;
				CLANG_WARN_ENUM_CONVERSION = YES;
				CLANG_WARN_INT_CONVERSION = YES;
				CLANG_WARN_OBJC_ROOT_CLASS = YES_ERROR;
				CLANG_WARN_UNREACHABLE_CODE = YES;
				CLANG_WARN__DUPLICATE_METHOD_MATCH = YES;
				"CODE_SIGN_IDENTITY[sdk=iphoneos*]" = "iPhone Developer";
				COPY_PHASE_STRIP = NO;
				ENABLE_STRICT_OBJC_MSGSEND = YES;
				GCC_C_LANGUAGE_STANDARD = gnu99;
				GCC_DYNAMIC_NO_PIC = NO;
				GCC_OPTIMIZATION_LEVEL = 0;
				GCC_PREPROCESSOR_DEFINITIONS = (
					"DEBUG=1",
					"$(inherited)",
				);
				GCC_SYMBOLS_PRIVATE_EXTERN = NO;
				GCC_WARN_64_TO_32_BIT_CONVERSION = YES;
				GCC_WARN_ABOUT_RETURN_TYPE = YES_ERROR;
				GCC_WARN_UNDECLARED_SELECTOR = YES;
				GCC_WARN_UNINITIALIZED_AUTOS = YES_AGGRESSIVE;
				GCC_WARN_UNUSED_FUNCTION = YES;
				GCC_WARN_UNUSED_VARIABLE = YES;
				IPHONEOS_DEPLOYMENT_TARGET = 8.1;
				MTL_ENABLE_DEBUG_INFO = YES;
				ONLY_ACTIVE_ARCH = YES;
				SDKROOT = iphoneos;
			};
			name = Debug;
		};
		80C1BFCE1A2579230026B861 /* Release */ = {
			isa = XCBuildConfiguration;
			buildSettings = {
				ALWAYS_SEARCH_USER_PATHS = NO;
				CLANG_CXX_LANGUAGE_STANDARD = "gnu++0x";
				CLANG_CXX_LIBRARY = "libc++";
				CLANG_ENABLE_MODULES = YES;
				CLANG_ENABLE_OBJC_ARC = YES;
				CLANG_WARN_BOOL_CONVERSION = YES;
				CLANG_WARN_CONSTANT_CONVERSION = YES;
				CLANG_WARN_DIRECT_OBJC_ISA_USAGE = YES_ERROR;
				CLANG_WARN_EMPTY_BODY = YES;
				CLANG_WARN_ENUM_CONVERSION = YES;
				CLANG_WARN_INT_CONVERSION = YES;
				CLANG_WARN_OBJC_ROOT_CLASS = YES_ERROR;
				CLANG_WARN_UNREACHABLE_CODE = YES;
				CLANG_WARN__DUPLICATE_METHOD_MATCH = YES;
				"CODE_SIGN_IDENTITY[sdk=iphoneos*]" = "iPhone Developer";
				COPY_PHASE_STRIP = YES;
				ENABLE_NS_ASSERTIONS = NO;
				ENABLE_STRICT_OBJC_MSGSEND = YES;
				GCC_C_LANGUAGE_STANDARD = gnu99;
				GCC_WARN_64_TO_32_BIT_CONVERSION = YES;
				GCC_WARN_ABOUT_RETURN_TYPE = YES_ERROR;
				GCC_WARN_UNDECLARED_SELECTOR = YES;
				GCC_WARN_UNINITIALIZED_AUTOS = YES_AGGRESSIVE;
				GCC_WARN_UNUSED_FUNCTION = YES;
				GCC_WARN_UNUSED_VARIABLE = YES;
				IPHONEOS_DEPLOYMENT_TARGET = 8.1;
				MTL_ENABLE_DEBUG_INFO = NO;
				SDKROOT = iphoneos;
				VALIDATE_PRODUCT = YES;
			};
			name = Release;
		};
		80C1BFD01A2579230026B861 /* Debug */ = {
			isa = XCBuildConfiguration;
			buildSettings = {
				ASSETCATALOG_COMPILER_APPICON_NAME = AppIcon;
				INFOPLIST_FILE = iPub/Info.plist;
				LD_RUNPATH_SEARCH_PATHS = "$(inherited) @executable_path/Frameworks";
				PRODUCT_NAME = "$(TARGET_NAME)";
			};
			name = Debug;
		};
		80C1BFD11A2579230026B861 /* Release */ = {
			isa = XCBuildConfiguration;
			buildSettings = {
				ASSETCATALOG_COMPILER_APPICON_NAME = AppIcon;
				INFOPLIST_FILE = iPub/Info.plist;
				LD_RUNPATH_SEARCH_PATHS = "$(inherited) @executable_path/Frameworks";
				PRODUCT_NAME = "$(TARGET_NAME)";
			};
			name = Release;
		};
		80C1BFD31A2579230026B861 /* Debug */ = {
			isa = XCBuildConfiguration;
			buildSettings = {
				BUNDLE_LOADER = "$(TEST_HOST)";
				FRAMEWORK_SEARCH_PATHS = (
					"$(SDKROOT)/Developer/Library/Frameworks",
					"$(inherited)",
				);
				GCC_PREPROCESSOR_DEFINITIONS = (
					"DEBUG=1",
					"$(inherited)",
				);
				INFOPLIST_FILE = iPubTests/Info.plist;
				LD_RUNPATH_SEARCH_PATHS = "$(inherited) @executable_path/Frameworks @loader_path/Frameworks";
				PRODUCT_NAME = "$(TARGET_NAME)";
				TEST_HOST = "$(BUILT_PRODUCTS_DIR)/iPub.app/iPub";
			};
			name = Debug;
		};
		80C1BFD41A2579230026B861 /* Release */ = {
			isa = XCBuildConfiguration;
			buildSettings = {
				BUNDLE_LOADER = "$(TEST_HOST)";
				FRAMEWORK_SEARCH_PATHS = (
					"$(SDKROOT)/Developer/Library/Frameworks",
					"$(inherited)",
				);
				INFOPLIST_FILE = iPubTests/Info.plist;
				LD_RUNPATH_SEARCH_PATHS = "$(inherited) @executable_path/Frameworks @loader_path/Frameworks";
				PRODUCT_NAME = "$(TARGET_NAME)";
				TEST_HOST = "$(BUILT_PRODUCTS_DIR)/iPub.app/iPub";
			};
			name = Release;
		};
/* End XCBuildConfiguration section */

/* Begin XCConfigurationList section */
		80C1BFA71A2579230026B861 /* Build configuration list for PBXProject "iPub" */ = {
			isa = XCConfigurationList;
			buildConfigurations = (
				80C1BFCD1A2579230026B861 /* Debug */,
				80C1BFCE1A2579230026B861 /* Release */,
			);
			defaultConfigurationIsVisible = 0;
			defaultConfigurationName = Release;
		};
		80C1BFCF1A2579230026B861 /* Build configuration list for PBXNativeTarget "iPub" */ = {
			isa = XCConfigurationList;
			buildConfigurations = (
				80C1BFD01A2579230026B861 /* Debug */,
				80C1BFD11A2579230026B861 /* Release */,
			);
			defaultConfigurationIsVisible = 0;
			defaultConfigurationName = Release;
		};
		80C1BFD21A2579230026B861 /* Build configuration list for PBXNativeTarget "iPubTests" */ = {
			isa = XCConfigurationList;
			buildConfigurations = (
				80C1BFD31A2579230026B861 /* Debug */,
				80C1BFD41A2579230026B861 /* Release */,
			);
			defaultConfigurationIsVisible = 0;
			defaultConfigurationName = Release;
		};
/* End XCConfigurationList section */
	};
	rootObject = 80C1BFA41A2579230026B861 /* Project object */;
}
